
Microsoft Visual Studio Solution File, Format Version 12.00
# Visual Studio Version 17
VisualStudioVersion = 17.10.35013.160
MinimumVisualStudioVersion = 10.0.40219.1
Project("{8BC9CEB8-8B4A-11D0-8D11-00A0C91BC942}") = "CornerGrocer", "CornerGrocer.vcxproj", "{5DB0CA65-CD66-49A7-B07A-AC0B99883E46}"
EndProject
Global
	GlobalSection(SolutionConfigurationPlatforms) = preSolution
		Debug|x64 = Debug|x64
		Debug|x86 = Debug|x86
		Release|x64 = Release|x64
		Release|x86 = Release|x86
	EndGlobalSection
	GlobalSection(ProjectConfigurationPlatforms) = postSolution
		{5DB0CA65-CD66-49A7-B07A-AC0B99883E46}.Debug|x64.ActiveCfg = Debug|x64
		{5DB0CA65-CD66-49A7-B07A-AC0B99883E46}.Debug|x64.Build.0 = Debug|x64
		{5DB0CA65-CD66-49A7-B07A-AC0B99883E46}.Debug|x86.ActiveCfg = Debug|Win32
		{5DB0CA65-CD66-49A7-B07A-AC0B99883E46}.Debug|x86.Build.0 = Debug|Win32
		{5DB0CA65-CD66-49A7-B07A-AC0B99883E46}.Release|x64.ActiveCfg = Release|x64
		{5DB0CA65-CD66-49A7-B07A-AC0B99883E46}.Release|x64.Build.0 = Release|x64
		{5DB0CA65-CD66-49A7-B07A-AC0B99883E46}.Release|x86.ActiveCfg = Release|Win32
		{5DB0CA65-CD66-49A7-B07A-AC0B99883E46}.Release|x86.Build.0 = Release|Win32
	EndGlobalSection
	GlobalSection(SolutionProperties) = preSolution
		HideSolutionNode = FALSE
	EndGlobalSection
	GlobalSection(ExtensibilityGlobals) = postSolution
		SolutionGuid = {3618802E-37AB-4326-AE0B-F8B7DA67C5F9}
	EndGlobalSection
EndGlobal
